
Microsoft Visual Studio Solution File, Format Version 12.00
# Visual Studio Version 16
VisualStudioVersion = 16.0.32413.511
MinimumVisualStudioVersion = 10.0.40219.1
Project("{FAE04EC0-301F-11D3-BF4B-00C04F79EFBC}") = "Trabalho Pratico", "Trabalho Pratico.csproj", "{F2A884E7-5E27-4C28-A081-AC1AB39C12B4}"
EndProject
Global
	GlobalSection(SolutionConfigurationPlatforms) = preSolution
		Debug|Any CPU = Debug|Any CPU
		Release|Any CPU = Release|Any CPU
	EndGlobalSection
	GlobalSection(ProjectConfigurationPlatforms) = postSolution
		{F2A884E7-5E27-4C28-A081-AC1AB39C12B4}.Debug|Any CPU.ActiveCfg = Debug|Any CPU
		{F2A884E7-5E27-4C28-A081-AC1AB39C12B4}.Debug|Any CPU.Build.0 = Debug|Any CPU
		{F2A884E7-5E27-4C28-A081-AC1AB39C12B4}.Release|Any CPU.ActiveCfg = Release|Any CPU
		{F2A884E7-5E27-4C28-A081-AC1AB39C12B4}.Release|Any CPU.Build.0 = Release|Any CPU
	EndGlobalSection
	GlobalSection(SolutionProperties) = preSolution
		HideSolutionNode = FALSE
	EndGlobalSection
	GlobalSection(ExtensibilityGlobals) = postSolution
		SolutionGuid = {F4650F0F-CB15-4C3C-84A1-508DCD620FCB}
	EndGlobalSection
EndGlobal
